// !$*UTF8*$!
{
	archiveVersion = 1;
	classes = {
	};
	objectVersion = 56;
	objects = {

/* Begin PBXBuildFile section */
		5B56BE6E2F6F357800A0765F /* Screenshot 2026-03-13 at 9.39.49 PM.png in Resources */ = {isa = PBXBuildFile; fileRef = 5B56BE0F2F6F357800A0765F /* Screenshot 2026-03-13 at 9.39.49 PM.png */; };
		5B56BE6F2F6F357800A0765F /* UIkit copy.pen in Resources */ = {isa = PBXBuildFile; fileRef = 5B56BE112F6F357800A0765F /* UIkit copy.pen */; };
		5B56BE712F6F357800A0765F /* SFPRODISPLAYLIGHTITALIC.OTF in Resources */ = {isa = PBXBuildFile; fileRef = 5B56BE4C2F6F357800A0765F /* SFPRODISPLAYLIGHTITALIC.OTF */; };
		5B56BE722F6F357800A0765F /* SFPRODISPLAYBLACKITALIC.OTF in Resources */ = {isa = PBXBuildFile; fileRef = 5B56BE492F6F357800A0765F /* SFPRODISPLAYBLACKITALIC.OTF */; };
		5B56BE732F6F357800A0765F /* CLAUDE.md in Resources */ = {isa = PBXBuildFile; fileRef = 5B56BE0E2F6F357800A0765F /* CLAUDE.md */; };
		5B56BE742F6F357800A0765F /* Sharpie-Black.otf in Resources */ = {isa = PBXBuildFile; fileRef = 5B56BE532F6F357800A0765F /* Sharpie-Black.otf */; };
		5B56BE752F6F357800A0765F /* SFPRODISPLAYHEAVYITALIC.OTF in Resources */ = {isa = PBXBuildFile; fileRef = 5B56BE4B2F6F357800A0765F /* SFPRODISPLAYHEAVYITALIC.OTF */; };
		5B56BE762F6F357800A0765F /* SFPRODISPLAYTHINITALIC.OTF in Resources */ = {isa = PBXBuildFile; fileRef = 5B56BE502F6F357800A0765F /* SFPRODISPLAYTHINITALIC.OTF */; };
		5B56BE772F6F357800A0765F /* Screenshot 2026-03-14 at 12.44.23 AM.png in Resources */ = {isa = PBXBuildFile; fileRef = 5B56BE102F6F357800A0765F /* Screenshot 2026-03-14 at 12.44.23 AM.png */; };
		5B56BE782F6F357800A0765F /* README.md in Resources */ = {isa = PBXBuildFile; fileRef = 5B56BE692F6F357800A0765F /* README.md */; };
		5B56BE792F6F357800A0765F /* Sharpie-Regular.otf in Resources */ = {isa = PBXBuildFile; fileRef = 5B56BE572F6F357800A0765F /* Sharpie-Regular.otf */; };
		5B56BE7B2F6F357800A0765F /* Assets.xcassets in Resources */ = {isa = PBXBuildFile; fileRef = 5B56BE5D2F6F357800A0765F /* Assets.xcassets */; };
		5B56BE7C2F6F357800A0765F /* SFPRODISPLAYBOLD.OTF in Resources */ = {isa = PBXBuildFile; fileRef = 5B56BE4A2F6F357800A0765F /* SFPRODISPLAYBOLD.OTF */; };
		5B56BE7D2F6F357800A0765F /* Sharpie-Bold.otf in Resources */ = {isa = PBXBuildFile; fileRef = 5B56BE542F6F357800A0765F /* Sharpie-Bold.otf */; };
		5B56BE7E2F6F357800A0765F /* Sharpie-Light.otf in Resources */ = {isa = PBXBuildFile; fileRef = 5B56BE562F6F357800A0765F /* Sharpie-Light.otf */; };
		5B56BE7F2F6F357800A0765F /* isu_singles_sov_goe_dataset.json in Resources */ = {isa = PBXBuildFile; fileRef = 5B56BE132F6F357800A0765F /* isu_singles_sov_goe_dataset.json */; };
		5B56BE802F6F357800A0765F /* SFPRODISPLAYSEMIBOLDITALIC.OTF in Resources */ = {isa = PBXBuildFile; fileRef = 5B56BE4F2F6F357800A0765F /* SFPRODISPLAYSEMIBOLDITALIC.OTF */; };
		5B56BE812F6F357800A0765F /* SFPRODISPLAYMEDIUM.OTF in Resources */ = {isa = PBXBuildFile; fileRef = 5B56BE4D2F6F357800A0765F /* SFPRODISPLAYMEDIUM.OTF */; };
		5B56BE822F6F357800A0765F /* SETUP.md in Resources */ = {isa = PBXBuildFile; fileRef = 5B56BE6A2F6F357800A0765F /* SETUP.md */; };
		5B56BE832F6F357800A0765F /* PRD.md in Resources */ = {isa = PBXBuildFile; fileRef = 5B56BE162F6F357800A0765F /* PRD.md */; };
		5B56BE842F6F357800A0765F /* verify_build.sh in Resources */ = {isa = PBXBuildFile; fileRef = 5B56BE6B2F6F357800A0765F /* verify_build.sh */; };
		5B56BE852F6F357800A0765F /* SFPRODISPLAYULTRALIGHTITALIC.OTF in Resources */ = {isa = PBXBuildFile; fileRef = 5B56BE512F6F357800A0765F /* SFPRODISPLAYULTRALIGHTITALIC.OTF */; };
		5B56BE862F6F357800A0765F /* SFPRODISPLAYREGULAR.OTF in Resources */ = {isa = PBXBuildFile; fileRef = 5B56BE4E2F6F357800A0765F /* SFPRODISPLAYREGULAR.OTF */; };
		5B56BE872F6F357800A0765F /* LICENSE in Resources */ = {isa = PBXBuildFile; fileRef = 5B56BE142F6F357800A0765F /* LICENSE */; };
		5B56BE882F6F357800A0765F /* Screenshot 2026-03-12 at 12.14.29 AM.png in Resources */ = {isa = PBXBuildFile; fileRef = 5B56BE5A2F6F357800A0765F /* Screenshot 2026-03-12 at 12.14.29 AM.png */; };
		5B56BE892F6F357800A0765F /* Sharpie-Extrabold.otf in Resources */ = {isa = PBXBuildFile; fileRef = 5B56BE552F6F357800A0765F /* Sharpie-Extrabold.otf */; };
		5B56BE8A2F6F357800A0765F /* PROJECT_PLAN.md in Resources */ = {isa = PBXBuildFile; fileRef = 5B56BE172F6F357800A0765F /* PROJECT_PLAN.md */; };
		5B56BE8B2F6F357800A0765F /* DashboardViewModel.swift in Sources */ = {isa = PBXBuildFile; fileRef = 5B56BE3F2F6F357800A0765F /* DashboardViewModel.swift */; };
		5B56BE8C2F6F357800A0765F /* TrendSplineView.swift in Sources */ = {isa = PBXBuildFile; fileRef = 5B56BE402F6F357800A0765F /* TrendSplineView.swift */; };
		5B56BE8D2F6F357800A0765F /* RunThrough.swift in Sources */ = {isa = PBXBuildFile; fileRef = 5B56BE222F6F357800A0765F /* RunThrough.swift */; };
		5B56BE8E2F6F357800A0765F /* RotationCall.swift in Sources */ = {isa = PBXBuildFile; fileRef = 5B56BE212F6F357800A0765F /* RotationCall.swift */; };
		5B56BE8F2F6F357800A0765F /* LandingButtonsView.swift in Sources */ = {isa = PBXBuildFile; fileRef = 5B56BE332F6F357800A0765F /* LandingButtonsView.swift */; };
		5B56BE902F6F357800A0765F /* Colors.swift in Sources */ = {isa = PBXBuildFile; fileRef = 5B56BE2D2F6F357800A0765F /* Colors.swift */; };
		5B56BE932F6F357800A0765F /* SportType.swift in Sources */ = {isa = PBXBuildFile; fileRef = 5B56BE232F6F357800A0765F /* SportType.swift */; };
		5B56BE942F6F357800A0765F /* ConsistencyHeatmapView.swift in Sources */ = {isa = PBXBuildFile; fileRef = 5B56BE3D2F6F357800A0765F /* ConsistencyHeatmapView.swift */; };
		5B56BE952F6F357800A0765F /* OnboardingView.swift in Sources */ = {isa = PBXBuildFile; fileRef = 5B56BE422F6F357800A0765F /* OnboardingView.swift */; };
		5B56BE972F6F357800A0765F /* RunThroughDetailView.swift in Sources */ = {isa = PBXBuildFile; fileRef = 5B56BE3A2F6F357800A0765F /* RunThroughDetailView.swift */; };
		5B56BE982F6F357800A0765F /* AnalyzerView.swift in Sources */ = {isa = PBXBuildFile; fileRef = 5B56BE302F6F357800A0765F /* AnalyzerView.swift */; };
		5B56BE9B2F6F357800A0765F /* ScoringTrayView.swift in Sources */ = {isa = PBXBuildFile; fileRef = 5B56BE342F6F357800A0765F /* ScoringTrayView.swift */; };
		5B56BE9C2F6F357800A0765F /* HapticsService.swift in Sources */ = {isa = PBXBuildFile; fileRef = 5B56BE252F6F357800A0765F /* HapticsService.swift */; };
		5B56BE9D2F6F357800A0765F /* Athlete.swift in Sources */ = {isa = PBXBuildFile; fileRef = 5B56BE1B2F6F357800A0765F /* Athlete.swift */; };
		5B56BE9E2F6F357800A0765F /* PhotoLibraryService.swift in Sources */ = {isa = PBXBuildFile; fileRef = 5B56BE262F6F357800A0765F /* PhotoLibraryService.swift */; };
		5B56BE9F2F6F357800A0765F /* EdgeCall.swift in Sources */ = {isa = PBXBuildFile; fileRef = 5B56BE1C2F6F357800A0765F /* EdgeCall.swift */; };
		5B56BEA02F6F357800A0765F /* VideoPlayerView.swift in Sources */ = {isa = PBXBuildFile; fileRef = 5B56BE352F6F357800A0765F /* VideoPlayerView.swift */; };
		5B56BEA12F6F357800A0765F /* RunThroughListView.swift in Sources */ = {isa = PBXBuildFile; fileRef = 5B56BE3B2F6F357800A0765F /* RunThroughListView.swift */; };
		5B56BEA22F6F357800A0765F /* MainTabView.swift in Sources */ = {isa = PBXBuildFile; fileRef = 5B56BE182F6F357800A0765F /* MainTabView.swift */; };
		5B56BEA42F6F357800A0765F /* BrandFont.swift in Sources */ = {isa = PBXBuildFile; fileRef = 5B56BE2C2F6F357800A0765F /* BrandFont.swift */; };
		5B56BEA62F6F357800A0765F /* ScoringEngine.swift in Sources */ = {isa = PBXBuildFile; fileRef = 5B56BE272F6F357800A0765F /* ScoringEngine.swift */; };
		5B56BEA72F6F357800A0765F /* ElementScore.swift in Sources */ = {isa = PBXBuildFile; fileRef = 5B56BE1D2F6F357800A0765F /* ElementScore.swift */; };
		5B56BEA82F6F357800A0765F /* LandingType.swift in Sources */ = {isa = PBXBuildFile; fileRef = 5B56BE1F2F6F357800A0765F /* LandingType.swift */; };
		5B56BEA92F6F357800A0765F /* SettingsView.swift in Sources */ = {isa = PBXBuildFile; fileRef = 5B56BE462F6F357800A0765F /* SettingsView.swift */; };
		5B56BEAA2F6F357800A0765F /* ElementTimelineView.swift in Sources */ = {isa = PBXBuildFile; fileRef = 5B56BE322F6F357800A0765F /* ElementTimelineView.swift */; };
		5B56BEAB2F6F357800A0765F /* ElementPickerSheet.swift in Sources */ = {isa = PBXBuildFile; fileRef = 5B56BE382F6F357800A0765F /* ElementPickerSheet.swift */; };
		5B56BEAC2F6F357800A0765F /* DashboardView.swift in Sources */ = {isa = PBXBuildFile; fileRef = 5B56BE3E2F6F357800A0765F /* DashboardView.swift */; };
		5B56BEAD2F6F357800A0765F /* SeedDataService.swift in Sources */ = {isa = PBXBuildFile; fileRef = 5B56BE282F6F357800A0765F /* SeedDataService.swift */; };
		5B56BEAE2F6F357800A0765F /* ElementScoringSheet.swift in Sources */ = {isa = PBXBuildFile; fileRef = 5B56BE392F6F357800A0765F /* ElementScoringSheet.swift */; };
		5B56BEAF2F6F357800A0765F /* PPCEditorView.swift in Sources */ = {isa = PBXBuildFile; fileRef = 5B56BE442F6F357800A0765F /* PPCEditorView.swift */; };
		5B56BEB02F6F357800A0765F /* FigureSkatingElement.swift in Sources */ = {isa = PBXBuildFile; fileRef = 5B56BE1E2F6F357800A0765F /* FigureSkatingElement.swift */; };
		5B56BEB12F6F357800A0765F /* PlannedProgramContent.swift in Sources */ = {isa = PBXBuildFile; fileRef = 5B56BE202F6F357800A0765F /* PlannedProgramContent.swift */; };
		5B56BEB22F6F357800A0765F /* AthleteListView.swift in Sources */ = {isa = PBXBuildFile; fileRef = 5B56BE372F6F357800A0765F /* AthleteListView.swift */; };
		5B56BEB32F6F357800A0765F /* VaultAndEdgeApp.swift in Sources */ = {isa = PBXBuildFile; fileRef = 5B56BE192F6F357800A0765F /* VaultAndEdgeApp.swift */; };
		5B56BEB42F6F357800A0765F /* AnalyzerViewModel.swift in Sources */ = {isa = PBXBuildFile; fileRef = 5B56BE312F6F357800A0765F /* AnalyzerViewModel.swift */; };
		5B56BEBD2F6F36A900A0765F /* ModelTests.swift in Sources */ = {isa = PBXBuildFile; fileRef = 5B56BEB92F6F36A900A0765F /* ModelTests.swift */; };
		5B56BEBE2F6F36A900A0765F /* SportTypeTests.swift in Sources */ = {isa = PBXBuildFile; fileRef = 5B56BEBB2F6F36A900A0765F /* SportTypeTests.swift */; };
		5B56BEBF2F6F36A900A0765F /* LandingTypeTests.swift in Sources */ = {isa = PBXBuildFile; fileRef = 5B56BEB82F6F36A900A0765F /* LandingTypeTests.swift */; };
		5B56BEC02F6F36A900A0765F /* DashboardViewModelTests.swift in Sources */ = {isa = PBXBuildFile; fileRef = 5B56BEB62F6F36A900A0765F /* DashboardViewModelTests.swift */; };
		5B56BEC12F6F36A900A0765F /* IntegrationTests.swift in Sources */ = {isa = PBXBuildFile; fileRef = 5B56BEB72F6F36A900A0765F /* IntegrationTests.swift */; };
		5B56BEC22F6F36A900A0765F /* AnalyzerViewModelTests.swift in Sources */ = {isa = PBXBuildFile; fileRef = 5B56BEB52F6F36A900A0765F /* AnalyzerViewModelTests.swift */; };
		5B56BEC32F6F36A900A0765F /* ScoringEngineTests.swift in Sources */ = {isa = PBXBuildFile; fileRef = 5B56BEBA2F6F36A900A0765F /* ScoringEngineTests.swift */; };
		5B56BECA2F6FB93100A0765F /* Radius.swift in Sources */ = {isa = PBXBuildFile; fileRef = 5B56BEC52F6FB93100A0765F /* Radius.swift */; };
		5B56BECB2F6FB93100A0765F /* ThemeManager.swift in Sources */ = {isa = PBXBuildFile; fileRef = 5B56BEC82F6FB93100A0765F /* ThemeManager.swift */; };
		5B56BECC2F6FB93100A0765F /* Shadows.swift in Sources */ = {isa = PBXBuildFile; fileRef = 5B56BEC62F6FB93100A0765F /* Shadows.swift */; };
		5B56BECD2F6FB93100A0765F /* Spacing.swift in Sources */ = {isa = PBXBuildFile; fileRef = 5B56BEC72F6FB93100A0765F /* Spacing.swift */; };
		5B56BECE2F6FB93100A0765F /* Typography.swift in Sources */ = {isa = PBXBuildFile; fileRef = 5B56BEC92F6FB93100A0765F /* Typography.swift */; };
		5B56BECF2F6FB93100A0765F /* Color+Tokens.swift in Sources */ = {isa = PBXBuildFile; fileRef = 5B56BEC42F6FB93100A0765F /* Color+Tokens.swift */; };
		5B56BED72F6FB9A400A0765F /* DMSans-Italic-VariableFont_opsz,wght.ttf in Resources */ = {isa = PBXBuildFile; fileRef = 5B56BED42F6FB9A400A0765F /* DMSans-Italic-VariableFont_opsz,wght.ttf */; };
		5B56BED82F6FB9A400A0765F /* DMSans-VariableFont_opsz,wght.ttf in Resources */ = {isa = PBXBuildFile; fileRef = 5B56BED52F6FB9A400A0765F /* DMSans-VariableFont_opsz,wght.ttf */; };
		5BA878E92F70D41900D70A3F /* SparkleIllustration.swift in Sources */ = {isa = PBXBuildFile; fileRef = 5BA878E82F70D41900D70A3F /* SparkleIllustration.swift */; };
/* End PBXBuildFile section */

/* Begin PBXContainerItemProxy section */
		T50001 /* PBXContainerItemProxy */ = {
			isa = PBXContainerItemProxy;
			containerPortal = E10099 /* Project object */;
			proxyType = 1;
			remoteGlobalIDString = E10001;
			remoteInfo = ProjectTitanium;
		};
/* End PBXContainerItemProxy section */

/* Begin PBXFileReference section */
		5B56BE0E2F6F357800A0765F /* CLAUDE.md */ = {isa = PBXFileReference; lastKnownFileType = net.daringfireball.markdown; path = CLAUDE.md; sourceTree = "<group>"; };
		5B56BE0F2F6F357800A0765F /* Screenshot 2026-03-13 at 9.39.49 PM.png */ = {isa = PBXFileReference; lastKnownFileType = image.png; path = "Screenshot 2026-03-13 at 9.39.49 PM.png"; sourceTree = "<group>"; };
		5B56BE102F6F357800A0765F /* Screenshot 2026-03-14 at 12.44.23 AM.png */ = {isa = PBXFileReference; lastKnownFileType = image.png; path = "Screenshot 2026-03-14 at 12.44.23 AM.png"; sourceTree = "<group>"; };
		5B56BE112F6F357800A0765F /* UIkit copy.pen */ = {isa = PBXFileReference; lastKnownFileType = text; path = "UIkit copy.pen"; sourceTree = "<group>"; };
		5B56BE132F6F357800A0765F /* isu_singles_sov_goe_dataset.json */ = {isa = PBXFileReference; lastKnownFileType = text.json; path = isu_singles_sov_goe_dataset.json; sourceTree = "<group>"; };
		5B56BE142F6F357800A0765F /* LICENSE */ = {isa = PBXFileReference; lastKnownFileType = text; path = LICENSE; sourceTree = "<group>"; };
		5B56BE162F6F357800A0765F /* PRD.md */ = {isa = PBXFileReference; lastKnownFileType = net.daringfireball.markdown; path = PRD.md; sourceTree = "<group>"; };
		5B56BE172F6F357800A0765F /* PROJECT_PLAN.md */ = {isa = PBXFileReference; lastKnownFileType = net.daringfireball.markdown; path = PROJECT_PLAN.md; sourceTree = "<group>"; };
		5B56BE182F6F357800A0765F /* MainTabView.swift */ = {isa = PBXFileReference; lastKnownFileType = sourcecode.swift; path = MainTabView.swift; sourceTree = "<group>"; };
		5B56BE192F6F357800A0765F /* VaultAndEdgeApp.swift */ = {isa = PBXFileReference; lastKnownFileType = sourcecode.swift; path = VaultAndEdgeApp.swift; sourceTree = "<group>"; };
		5B56BE1B2F6F357800A0765F /* Athlete.swift */ = {isa = PBXFileReference; lastKnownFileType = sourcecode.swift; path = Athlete.swift; sourceTree = "<group>"; };
		5B56BE1C2F6F357800A0765F /* EdgeCall.swift */ = {isa = PBXFileReference; lastKnownFileType = sourcecode.swift; path = EdgeCall.swift; sourceTree = "<group>"; };
		5B56BE1D2F6F357800A0765F /* ElementScore.swift */ = {isa = PBXFileReference; lastKnownFileType = sourcecode.swift; path = ElementScore.swift; sourceTree = "<group>"; };
		5B56BE1E2F6F357800A0765F /* FigureSkatingElement.swift */ = {isa = PBXFileReference; lastKnownFileType = sourcecode.swift; path = FigureSkatingElement.swift; sourceTree = "<group>"; };
		5B56BE1F2F6F357800A0765F /* LandingType.swift */ = {isa = PBXFileReference; lastKnownFileType = sourcecode.swift; path = LandingType.swift; sourceTree = "<group>"; };
		5B56BE202F6F357800A0765F /* PlannedProgramContent.swift */ = {isa = PBXFileReference; lastKnownFileType = sourcecode.swift; path = PlannedProgramContent.swift; sourceTree = "<group>"; };
		5B56BE212F6F357800A0765F /* RotationCall.swift */ = {isa = PBXFileReference; lastKnownFileType = sourcecode.swift; path = RotationCall.swift; sourceTree = "<group>"; };
		5B56BE222F6F357800A0765F /* RunThrough.swift */ = {isa = PBXFileReference; lastKnownFileType = sourcecode.swift; path = RunThrough.swift; sourceTree = "<group>"; };
		5B56BE232F6F357800A0765F /* SportType.swift */ = {isa = PBXFileReference; lastKnownFileType = sourcecode.swift; path = SportType.swift; sourceTree = "<group>"; };
		5B56BE252F6F357800A0765F /* HapticsService.swift */ = {isa = PBXFileReference; lastKnownFileType = sourcecode.swift; path = HapticsService.swift; sourceTree = "<group>"; };
		5B56BE262F6F357800A0765F /* PhotoLibraryService.swift */ = {isa = PBXFileReference; lastKnownFileType = sourcecode.swift; path = PhotoLibraryService.swift; sourceTree = "<group>"; };
		5B56BE272F6F357800A0765F /* ScoringEngine.swift */ = {isa = PBXFileReference; lastKnownFileType = sourcecode.swift; path = ScoringEngine.swift; sourceTree = "<group>"; };
		5B56BE282F6F357800A0765F /* SeedDataService.swift */ = {isa = PBXFileReference; lastKnownFileType = sourcecode.swift; path = SeedDataService.swift; sourceTree = "<group>"; };
		5B56BE2C2F6F357800A0765F /* BrandFont.swift */ = {isa = PBXFileReference; lastKnownFileType = sourcecode.swift; path = BrandFont.swift; sourceTree = "<group>"; };
		5B56BE2D2F6F357800A0765F /* Colors.swift */ = {isa = PBXFileReference; lastKnownFileType = sourcecode.swift; path = Colors.swift; sourceTree = "<group>"; };
		5B56BE302F6F357800A0765F /* AnalyzerView.swift */ = {isa = PBXFileReference; lastKnownFileType = sourcecode.swift; path = AnalyzerView.swift; sourceTree = "<group>"; };
		5B56BE312F6F357800A0765F /* AnalyzerViewModel.swift */ = {isa = PBXFileReference; lastKnownFileType = sourcecode.swift; path = AnalyzerViewModel.swift; sourceTree = "<group>"; };
		5B56BE322F6F357800A0765F /* ElementTimelineView.swift */ = {isa = PBXFileReference; lastKnownFileType = sourcecode.swift; path = ElementTimelineView.swift; sourceTree = "<group>"; };
		5B56BE332F6F357800A0765F /* LandingButtonsView.swift */ = {isa = PBXFileReference; lastKnownFileType = sourcecode.swift; path = LandingButtonsView.swift; sourceTree = "<group>"; };
		5B56BE342F6F357800A0765F /* ScoringTrayView.swift */ = {isa = PBXFileReference; lastKnownFileType = sourcecode.swift; path = ScoringTrayView.swift; sourceTree = "<group>"; };
		5B56BE352F6F357800A0765F /* VideoPlayerView.swift */ = {isa = PBXFileReference; lastKnownFileType = sourcecode.swift; path = VideoPlayerView.swift; sourceTree = "<group>"; };
		5B56BE372F6F357800A0765F /* AthleteListView.swift */ = {isa = PBXFileReference; lastKnownFileType = sourcecode.swift; path = AthleteListView.swift; sourceTree = "<group>"; };
		5B56BE382F6F357800A0765F /* ElementPickerSheet.swift */ = {isa = PBXFileReference; lastKnownFileType = sourcecode.swift; path = ElementPickerSheet.swift; sourceTree = "<group>"; };
		5B56BE392F6F357800A0765F /* ElementScoringSheet.swift */ = {isa = PBXFileReference; lastKnownFileType = sourcecode.swift; path = ElementScoringSheet.swift; sourceTree = "<group>"; };
		5B56BE3A2F6F357800A0765F /* RunThroughDetailView.swift */ = {isa = PBXFileReference; lastKnownFileType = sourcecode.swift; path = RunThroughDetailView.swift; sourceTree = "<group>"; };
		5B56BE3B2F6F357800A0765F /* RunThroughListView.swift */ = {isa = PBXFileReference; lastKnownFileType = sourcecode.swift; path = RunThroughListView.swift; sourceTree = "<group>"; };
		5B56BE3D2F6F357800A0765F /* ConsistencyHeatmapView.swift */ = {isa = PBXFileReference; lastKnownFileType = sourcecode.swift; path = ConsistencyHeatmapView.swift; sourceTree = "<group>"; };
		5B56BE3E2F6F357800A0765F /* DashboardView.swift */ = {isa = PBXFileReference; lastKnownFileType = sourcecode.swift; path = DashboardView.swift; sourceTree = "<group>"; };
		5B56BE3F2F6F357800A0765F /* DashboardViewModel.swift */ = {isa = PBXFileReference; lastKnownFileType = sourcecode.swift; path = DashboardViewModel.swift; sourceTree = "<group>"; };
		5B56BE402F6F357800A0765F /* TrendSplineView.swift */ = {isa = PBXFileReference; lastKnownFileType = sourcecode.swift; path = TrendSplineView.swift; sourceTree = "<group>"; };
		5B56BE422F6F357800A0765F /* OnboardingView.swift */ = {isa = PBXFileReference; lastKnownFileType = sourcecode.swift; path = OnboardingView.swift; sourceTree = "<group>"; };
		5B56BE442F6F357800A0765F /* PPCEditorView.swift */ = {isa = PBXFileReference; lastKnownFileType = sourcecode.swift; path = PPCEditorView.swift; sourceTree = "<group>"; };
		5B56BE462F6F357800A0765F /* SettingsView.swift */ = {isa = PBXFileReference; lastKnownFileType = sourcecode.swift; path = SettingsView.swift; sourceTree = "<group>"; };
		5B56BE492F6F357800A0765F /* SFPRODISPLAYBLACKITALIC.OTF */ = {isa = PBXFileReference; lastKnownFileType = file; path = SFPRODISPLAYBLACKITALIC.OTF; sourceTree = "<group>"; };
		5B56BE4A2F6F357800A0765F /* SFPRODISPLAYBOLD.OTF */ = {isa = PBXFileReference; lastKnownFileType = file; path = SFPRODISPLAYBOLD.OTF; sourceTree = "<group>"; };
		5B56BE4B2F6F357800A0765F /* SFPRODISPLAYHEAVYITALIC.OTF */ = {isa = PBXFileReference; lastKnownFileType = file; path = SFPRODISPLAYHEAVYITALIC.OTF; sourceTree = "<group>"; };
		5B56BE4C2F6F357800A0765F /* SFPRODISPLAYLIGHTITALIC.OTF */ = {isa = PBXFileReference; lastKnownFileType = file; path = SFPRODISPLAYLIGHTITALIC.OTF; sourceTree = "<group>"; };
		5B56BE4D2F6F357800A0765F /* SFPRODISPLAYMEDIUM.OTF */ = {isa = PBXFileReference; lastKnownFileType = file; path = SFPRODISPLAYMEDIUM.OTF; sourceTree = "<group>"; };
		5B56BE4E2F6F357800A0765F /* SFPRODISPLAYREGULAR.OTF */ = {isa = PBXFileReference; lastKnownFileType = file; path = SFPRODISPLAYREGULAR.OTF; sourceTree = "<group>"; };
		5B56BE4F2F6F357800A0765F /* SFPRODISPLAYSEMIBOLDITALIC.OTF */ = {isa = PBXFileReference; lastKnownFileType = file; path = SFPRODISPLAYSEMIBOLDITALIC.OTF; sourceTree = "<group>"; };
		5B56BE502F6F357800A0765F /* SFPRODISPLAYTHINITALIC.OTF */ = {isa = PBXFileReference; lastKnownFileType = file; path = SFPRODISPLAYTHINITALIC.OTF; sourceTree = "<group>"; };
		5B56BE512F6F357800A0765F /* SFPRODISPLAYULTRALIGHTITALIC.OTF */ = {isa = PBXFileReference; lastKnownFileType = file; path = SFPRODISPLAYULTRALIGHTITALIC.OTF; sourceTree = "<group>"; };
		5B56BE532F6F357800A0765F /* Sharpie-Black.otf */ = {isa = PBXFileReference; lastKnownFileType = file; path = "Sharpie-Black.otf"; sourceTree = "<group>"; };
		5B56BE542F6F357800A0765F /* Sharpie-Bold.otf */ = {isa = PBXFileReference; lastKnownFileType = file; path = "Sharpie-Bold.otf"; sourceTree = "<group>"; };
		5B56BE552F6F357800A0765F /* Sharpie-Extrabold.otf */ = {isa = PBXFileReference; lastKnownFileType = file; path = "Sharpie-Extrabold.otf"; sourceTree = "<group>"; };
		5B56BE562F6F357800A0765F /* Sharpie-Light.otf */ = {isa = PBXFileReference; lastKnownFileType = file; path = "Sharpie-Light.otf"; sourceTree = "<group>"; };
		5B56BE572F6F357800A0765F /* Sharpie-Regular.otf */ = {isa = PBXFileReference; lastKnownFileType = file; path = "Sharpie-Regular.otf"; sourceTree = "<group>"; };
		5B56BE5A2F6F357800A0765F /* Screenshot 2026-03-12 at 12.14.29 AM.png */ = {isa = PBXFileReference; lastKnownFileType = image.png; path = "Screenshot 2026-03-12 at 12.14.29 AM.png"; sourceTree = "<group>"; };
		5B56BE5D2F6F357800A0765F /* Assets.xcassets */ = {isa = PBXFileReference; lastKnownFileType = folder.assetcatalog; path = Assets.xcassets; sourceTree = "<group>"; };
		5B56BE5E2F6F357800A0765F /* Info.plist */ = {isa = PBXFileReference; lastKnownFileType = text.plist.xml; path = Info.plist; sourceTree = "<group>"; };
		5B56BE602F6F357800A0765F /* ProjectTitanium.xcodeproj */ = {isa = PBXFileReference; lastKnownFileType = "wrapper.pb-project"; path = ProjectTitanium.xcodeproj; sourceTree = "<group>"; };
		5B56BE692F6F357800A0765F /* README.md */ = {isa = PBXFileReference; lastKnownFileType = net.daringfireball.markdown; path = README.md; sourceTree = "<group>"; };
		5B56BE6A2F6F357800A0765F /* SETUP.md */ = {isa = PBXFileReference; lastKnownFileType = net.daringfireball.markdown; path = SETUP.md; sourceTree = "<group>"; };
		5B56BE6B2F6F357800A0765F /* verify_build.sh */ = {isa = PBXFileReference; lastKnownFileType = text.script.sh; path = verify_build.sh; sourceTree = "<group>"; };
		5B56BEB52F6F36A900A0765F /* AnalyzerViewModelTests.swift */ = {isa = PBXFileReference; lastKnownFileType = sourcecode.swift; path = AnalyzerViewModelTests.swift; sourceTree = "<group>"; };
		5B56BEB62F6F36A900A0765F /* DashboardViewModelTests.swift */ = {isa = PBXFileReference; lastKnownFileType = sourcecode.swift; path = DashboardViewModelTests.swift; sourceTree = "<group>"; };
		5B56BEB72F6F36A900A0765F /* IntegrationTests.swift */ = {isa = PBXFileReference; lastKnownFileType = sourcecode.swift; path = IntegrationTests.swift; sourceTree = "<group>"; };
		5B56BEB82F6F36A900A0765F /* LandingTypeTests.swift */ = {isa = PBXFileReference; lastKnownFileType = sourcecode.swift; path = LandingTypeTests.swift; sourceTree = "<group>"; };
		5B56BEB92F6F36A900A0765F /* ModelTests.swift */ = {isa = PBXFileReference; lastKnownFileType = sourcecode.swift; path = ModelTests.swift; sourceTree = "<group>"; };
		5B56BEBA2F6F36A900A0765F /* ScoringEngineTests.swift */ = {isa = PBXFileReference; lastKnownFileType = sourcecode.swift; path = ScoringEngineTests.swift; sourceTree = "<group>"; };
		5B56BEBB2F6F36A900A0765F /* SportTypeTests.swift */ = {isa = PBXFileReference; lastKnownFileType = sourcecode.swift; path = SportTypeTests.swift; sourceTree = "<group>"; };
		5B56BEC42F6FB93100A0765F /* Color+Tokens.swift */ = {isa = PBXFileReference; lastKnownFileType = sourcecode.swift; path = "Color+Tokens.swift"; sourceTree = "<group>"; };
		5B56BEC52F6FB93100A0765F /* Radius.swift */ = {isa = PBXFileReference; lastKnownFileType = sourcecode.swift; path = Radius.swift; sourceTree = "<group>"; };
		5B56BEC62F6FB93100A0765F /* Shadows.swift */ = {isa = PBXFileReference; lastKnownFileType = sourcecode.swift; path = Shadows.swift; sourceTree = "<group>"; };
		5B56BEC72F6FB93100A0765F /* Spacing.swift */ = {isa = PBXFileReference; lastKnownFileType = sourcecode.swift; path = Spacing.swift; sourceTree = "<group>"; };
		5B56BEC82F6FB93100A0765F /* ThemeManager.swift */ = {isa = PBXFileReference; lastKnownFileType = sourcecode.swift; path = ThemeManager.swift; sourceTree = "<group>"; };
		5B56BEC92F6FB93100A0765F /* Typography.swift */ = {isa = PBXFileReference; lastKnownFileType = sourcecode.swift; path = Typography.swift; sourceTree = "<group>"; };
		5B56BED42F6FB9A400A0765F /* DMSans-Italic-VariableFont_opsz,wght.ttf */ = {isa = PBXFileReference; lastKnownFileType = file; path = "DMSans-Italic-VariableFont_opsz,wght.ttf"; sourceTree = "<group>"; };
		5B56BED52F6FB9A400A0765F /* DMSans-VariableFont_opsz,wght.ttf */ = {isa = PBXFileReference; lastKnownFileType = file; path = "DMSans-VariableFont_opsz,wght.ttf"; sourceTree = "<group>"; };
		5BA878E82F70D41900D70A3F /* SparkleIllustration.swift */ = {isa = PBXFileReference; lastKnownFileType = sourcecode.swift; path = SparkleIllustration.swift; sourceTree = "<group>"; };
		B10099 /* ProjectTitanium.app */ = {isa = PBXFileReference; explicitFileType = wrapper.application; includeInIndex = 0; path = ProjectTitanium.app; sourceTree = BUILT_PRODUCTS_DIR; };
		T30099 /* ProjectTitaniumTests.xctest */ = {isa = PBXFileReference; explicitFileType = wrapper.cfbundle; includeInIndex = 0; path = ProjectTitaniumTests.xctest; sourceTree = BUILT_PRODUCTS_DIR; };
/* End PBXFileReference section */

/* Begin PBXFrameworksBuildPhase section */
		C10001 /* Frameworks */ = {
			isa = PBXFrameworksBuildPhase;
			buildActionMask = 2147483647;
			files = (
			);
			runOnlyForDeploymentPostprocessing = 0;
		};
		T40001 /* Frameworks */ = {
			isa = PBXFrameworksBuildPhase;
			buildActionMask = 2147483647;
			files = (
			);
			runOnlyForDeploymentPostprocessing = 0;
		};
/* End PBXFrameworksBuildPhase section */

/* Begin PBXGroup section */
		5B56BE122F6F357800A0765F /* designs */ = {
			isa = PBXGroup;
			children = (
				5B56BE0F2F6F357800A0765F /* Screenshot 2026-03-13 at 9.39.49 PM.png */,
				5B56BE102F6F357800A0765F /* Screenshot 2026-03-14 at 12.44.23 AM.png */,
				5B56BE112F6F357800A0765F /* UIkit copy.pen */,
			);
			path = designs;
			sourceTree = "<group>";
		};
		5B56BE152F6F357800A0765F /* Packages */ = {
			isa = PBXGroup;
			children = (
			);
			path = Packages;
			sourceTree = "<group>";
		};
		5B56BE1A2F6F357800A0765F /* App */ = {
			isa = PBXGroup;
			children = (
				5B56BE182F6F357800A0765F /* MainTabView.swift */,
				5B56BE192F6F357800A0765F /* VaultAndEdgeApp.swift */,
			);
			path = App;
			sourceTree = "<group>";
		};
		5B56BE242F6F357800A0765F /* Models */ = {
			isa = PBXGroup;
			children = (
				5B56BE1B2F6F357800A0765F /* Athlete.swift */,
				5B56BE1C2F6F357800A0765F /* EdgeCall.swift */,
				5B56BE1D2F6F357800A0765F /* ElementScore.swift */,
				5B56BE1E2F6F357800A0765F /* FigureSkatingElement.swift */,
				5B56BE1F2F6F357800A0765F /* LandingType.swift */,
				5B56BE202F6F357800A0765F /* PlannedProgramContent.swift */,
				5B56BE212F6F357800A0765F /* RotationCall.swift */,
				5B56BE222F6F357800A0765F /* RunThrough.swift */,
				5B56BE232F6F357800A0765F /* SportType.swift */,
			);
			path = Models;
			sourceTree = "<group>";
		};
		5B56BE292F6F357800A0765F /* Services */ = {
			isa = PBXGroup;
			children = (
				5B56BE252F6F357800A0765F /* HapticsService.swift */,
				5B56BE262F6F357800A0765F /* PhotoLibraryService.swift */,
				5B56BE272F6F357800A0765F /* ScoringEngine.swift */,
				5B56BE282F6F357800A0765F /* SeedDataService.swift */,
			);
			path = Services;
			sourceTree = "<group>";
		};
		5B56BE2A2F6F357800A0765F /* Core */ = {
			isa = PBXGroup;
			children = (
				5B56BE242F6F357800A0765F /* Models */,
				5B56BE292F6F357800A0765F /* Services */,
			);
			path = Core;
			sourceTree = "<group>";
		};
		5B56BE2B2F6F357800A0765F /* Components */ = {
			isa = PBXGroup;
			children = (
				5BA878E82F70D41900D70A3F /* SparkleIllustration.swift */,
			);
			path = Components;
			sourceTree = "<group>";
		};
		5B56BE2E2F6F357800A0765F /* Tokens */ = {
			isa = PBXGroup;
			children = (
				5B56BEC42F6FB93100A0765F /* Color+Tokens.swift */,
				5B56BEC52F6FB93100A0765F /* Radius.swift */,
				5B56BEC62F6FB93100A0765F /* Shadows.swift */,
				5B56BEC72F6FB93100A0765F /* Spacing.swift */,
				5B56BEC82F6FB93100A0765F /* ThemeManager.swift */,
				5B56BEC92F6FB93100A0765F /* Typography.swift */,
				5B56BE2C2F6F357800A0765F /* BrandFont.swift */,
				5B56BE2D2F6F357800A0765F /* Colors.swift */,
			);
			path = Tokens;
			sourceTree = "<group>";
		};
		5B56BE2F2F6F357800A0765F /* DesignSystem */ = {
			isa = PBXGroup;
			children = (
				5B56BE2B2F6F357800A0765F /* Components */,
				5B56BE2E2F6F357800A0765F /* Tokens */,
			);
			path = DesignSystem;
			sourceTree = "<group>";
		};
		5B56BE362F6F357800A0765F /* Analyzer */ = {
			isa = PBXGroup;
			children = (
				5B56BE302F6F357800A0765F /* AnalyzerView.swift */,
				5B56BE312F6F357800A0765F /* AnalyzerViewModel.swift */,
				5B56BE322F6F357800A0765F /* ElementTimelineView.swift */,
				5B56BE332F6F357800A0765F /* LandingButtonsView.swift */,
				5B56BE342F6F357800A0765F /* ScoringTrayView.swift */,
				5B56BE352F6F357800A0765F /* VideoPlayerView.swift */,
			);
			path = Analyzer;
			sourceTree = "<group>";
		};
		5B56BE3C2F6F357800A0765F /* AthleteList */ = {
			isa = PBXGroup;
			children = (
				5B56BE372F6F357800A0765F /* AthleteListView.swift */,
				5B56BE382F6F357800A0765F /* ElementPickerSheet.swift */,
				5B56BE392F6F357800A0765F /* ElementScoringSheet.swift */,
				5B56BE3A2F6F357800A0765F /* RunThroughDetailView.swift */,
				5B56BE3B2F6F357800A0765F /* RunThroughListView.swift */,
			);
			path = AthleteList;
			sourceTree = "<group>";
		};
		5B56BE412F6F357800A0765F /* Dashboard */ = {
			isa = PBXGroup;
			children = (
				5B56BE3D2F6F357800A0765F /* ConsistencyHeatmapView.swift */,
				5B56BE3E2F6F357800A0765F /* DashboardView.swift */,
				5B56BE3F2F6F357800A0765F /* DashboardViewModel.swift */,
				5B56BE402F6F357800A0765F /* TrendSplineView.swift */,
			);
			path = Dashboard;
			sourceTree = "<group>";
		};
		5B56BE432F6F357800A0765F /* Onboarding */ = {
			isa = PBXGroup;
			children = (
				5B56BE422F6F357800A0765F /* OnboardingView.swift */,
			);
			path = Onboarding;
			sourceTree = "<group>";
		};
		5B56BE452F6F357800A0765F /* PPCEditor */ = {
			isa = PBXGroup;
			children = (
				5B56BE442F6F357800A0765F /* PPCEditorView.swift */,
			);
			path = PPCEditor;
			sourceTree = "<group>";
		};
		5B56BE472F6F357800A0765F /* Settings */ = {
			isa = PBXGroup;
			children = (
				5B56BE462F6F357800A0765F /* SettingsView.swift */,
			);
			path = Settings;
			sourceTree = "<group>";
		};
		5B56BE482F6F357800A0765F /* Features */ = {
			isa = PBXGroup;
			children = (
				5B56BE362F6F357800A0765F /* Analyzer */,
				5B56BE3C2F6F357800A0765F /* AthleteList */,
				5B56BE412F6F357800A0765F /* Dashboard */,
				5B56BE432F6F357800A0765F /* Onboarding */,
				5B56BE452F6F357800A0765F /* PPCEditor */,
				5B56BE472F6F357800A0765F /* Settings */,
			);
			path = Features;
			sourceTree = "<group>";
		};
		5B56BE522F6F357800A0765F /* SFPRODISPLAY */ = {
			isa = PBXGroup;
			children = (
				5B56BE492F6F357800A0765F /* SFPRODISPLAYBLACKITALIC.OTF */,
				5B56BE4A2F6F357800A0765F /* SFPRODISPLAYBOLD.OTF */,
				5B56BE4B2F6F357800A0765F /* SFPRODISPLAYHEAVYITALIC.OTF */,
				5B56BE4C2F6F357800A0765F /* SFPRODISPLAYLIGHTITALIC.OTF */,
				5B56BE4D2F6F357800A0765F /* SFPRODISPLAYMEDIUM.OTF */,
				5B56BE4E2F6F357800A0765F /* SFPRODISPLAYREGULAR.OTF */,
				5B56BE4F2F6F357800A0765F /* SFPRODISPLAYSEMIBOLDITALIC.OTF */,
				5B56BE502F6F357800A0765F /* SFPRODISPLAYTHINITALIC.OTF */,
				5B56BE512F6F357800A0765F /* SFPRODISPLAYULTRALIGHTITALIC.OTF */,
			);
			path = SFPRODISPLAY;
			sourceTree = "<group>";
		};
		5B56BE582F6F357800A0765F /* sharpie */ = {
			isa = PBXGroup;
			children = (
				5B56BE532F6F357800A0765F /* Sharpie-Black.otf */,
				5B56BE542F6F357800A0765F /* Sharpie-Bold.otf */,
				5B56BE552F6F357800A0765F /* Sharpie-Extrabold.otf */,
				5B56BE562F6F357800A0765F /* Sharpie-Light.otf */,
				5B56BE572F6F357800A0765F /* Sharpie-Regular.otf */,
			);
			path = sharpie;
			sourceTree = "<group>";
		};
		5B56BE592F6F357800A0765F /* fonts */ = {
			isa = PBXGroup;
			children = (
				5B56BED62F6FB9A400A0765F /* dmsans */,
				5B56BE522F6F357800A0765F /* SFPRODISPLAY */,
				5B56BE582F6F357800A0765F /* sharpie */,
			);
			path = fonts;
			sourceTree = "<group>";
		};
		5B56BE5B2F6F357800A0765F /* imgs */ = {
			isa = PBXGroup;
			children = (
				5B56BE5A2F6F357800A0765F /* Screenshot 2026-03-12 at 12.14.29 AM.png */,
			);
			path = imgs;
			sourceTree = "<group>";
		};
		5B56BE5C2F6F357800A0765F /* resources */ = {
			isa = PBXGroup;
			children = (
				5B56BE592F6F357800A0765F /* fonts */,
				5B56BE5B2F6F357800A0765F /* imgs */,
			);
			path = resources;
			sourceTree = "<group>";
		};
		5B56BE5F2F6F357800A0765F /* ProjectTitanium */ = {
			isa = PBXGroup;
			children = (
				5B56BE1A2F6F357800A0765F /* App */,
				5B56BE2A2F6F357800A0765F /* Core */,
				5B56BE2F2F6F357800A0765F /* DesignSystem */,
				5B56BE482F6F357800A0765F /* Features */,
				5B56BE5C2F6F357800A0765F /* resources */,
				5B56BE5D2F6F357800A0765F /* Assets.xcassets */,
				5B56BE5E2F6F357800A0765F /* Info.plist */,
			);
			path = ProjectTitanium;
			sourceTree = "<group>";
		};
		5B56BE6C2F6F357800A0765F /* Products */ = {
			isa = PBXGroup;
			name = Products;
			sourceTree = "<group>";
		};
		5B56BEBC2F6F36A900A0765F /* ProjectTitaniumTests */ = {
			isa = PBXGroup;
			children = (
				5B56BEB52F6F36A900A0765F /* AnalyzerViewModelTests.swift */,
				5B56BEB62F6F36A900A0765F /* DashboardViewModelTests.swift */,
				5B56BEB72F6F36A900A0765F /* IntegrationTests.swift */,
				5B56BEB82F6F36A900A0765F /* LandingTypeTests.swift */,
				5B56BEB92F6F36A900A0765F /* ModelTests.swift */,
				5B56BEBA2F6F36A900A0765F /* ScoringEngineTests.swift */,
				5B56BEBB2F6F36A900A0765F /* SportTypeTests.swift */,
			);
			path = ProjectTitaniumTests;
			sourceTree = "<group>";
		};
		5B56BED62F6FB9A400A0765F /* dmsans */ = {
			isa = PBXGroup;
			children = (
				5B56BED42F6FB9A400A0765F /* DMSans-Italic-VariableFont_opsz,wght.ttf */,
				5B56BED52F6FB9A400A0765F /* DMSans-VariableFont_opsz,wght.ttf */,
			);
			path = dmsans;
			sourceTree = "<group>";
		};
		D10001 = {
			isa = PBXGroup;
			children = (
				5B56BE0E2F6F357800A0765F /* CLAUDE.md */,
				5B56BE122F6F357800A0765F /* designs */,
				5B56BE132F6F357800A0765F /* isu_singles_sov_goe_dataset.json */,
				5B56BE142F6F357800A0765F /* LICENSE */,
				5B56BE152F6F357800A0765F /* Packages */,
				5B56BE162F6F357800A0765F /* PRD.md */,
				5B56BE172F6F357800A0765F /* PROJECT_PLAN.md */,
				5B56BE5F2F6F357800A0765F /* ProjectTitanium */,
				5B56BE602F6F357800A0765F /* ProjectTitanium.xcodeproj */,
				5B56BE692F6F357800A0765F /* README.md */,
				5B56BE6A2F6F357800A0765F /* SETUP.md */,
				5B56BE6B2F6F357800A0765F /* verify_build.sh */,
				5B56BEBC2F6F36A900A0765F /* ProjectTitaniumTests */,
				D10099 /* Products */,
			);
			sourceTree = "<group>";
		};
		D10099 /* Products */ = {
			isa = PBXGroup;
			children = (
				B10099 /* ProjectTitanium.app */,
				T30099 /* ProjectTitaniumTests.xctest */,
			);
			name = Products;
			sourceTree = "<group>";
		};
/* End PBXGroup section */

/* Begin PBXNativeTarget section */
		E10001 /* ProjectTitanium */ = {
			isa = PBXNativeTarget;
			buildConfigurationList = F10003 /* Build configuration list for PBXNativeTarget "ProjectTitanium" */;
			buildPhases = (
				C10002 /* Sources */,
				C10001 /* Frameworks */,
				C10003 /* Resources */,
			);
			buildRules = (
			);
			dependencies = (
			);
			name = ProjectTitanium;
			productName = ProjectTitanium;
			productReference = B10099 /* ProjectTitanium.app */;
			productType = "com.apple.product-type.application";
		};
		E10002 /* ProjectTitaniumTests */ = {
			isa = PBXNativeTarget;
			buildConfigurationList = F10005 /* Build configuration list for PBXNativeTarget "ProjectTitaniumTests" */;
			buildPhases = (
				T80001 /* Sources */,
				T40001 /* Frameworks */,
			);
			buildRules = (
			);
			dependencies = (
				T60001 /* PBXTargetDependency */,
			);
			name = ProjectTitaniumTests;
			productName = ProjectTitaniumTests;
			productReference = T30099 /* ProjectTitaniumTests.xctest */;
			productType = "com.apple.product-type.bundle.unit-test";
		};
/* End PBXNativeTarget section */

/* Begin PBXProject section */
		E10099 /* Project object */ = {
			isa = PBXProject;
			attributes = {
				BuildIndependentTargetsInParallel = 1;
				LastSwiftUpdateCheck = 1540;
				LastUpgradeCheck = 1540;
				TargetAttributes = {
					E10001 = {
						CreatedOnToolsVersion = 15.4;
					};
					E10002 = {
						CreatedOnToolsVersion = 15.4;
						TestTargetID = E10001;
					};
				};
			};
			buildConfigurationList = F10001 /* Build configuration list for PBXProject "ProjectTitanium" */;
			compatibilityVersion = "Xcode 14.0";
			developmentRegion = en;
			hasScannedForEncodings = 0;
			knownRegions = (
				en,
				Base,
			);
			mainGroup = D10001;
			productRefGroup = D10099 /* Products */;
			projectDirPath = "";
			projectReferences = (
				{
					ProductGroup = 5B56BE6C2F6F357800A0765F /* Products */;
					ProjectRef = 5B56BE602F6F357800A0765F /* ProjectTitanium.xcodeproj */;
				},
			);
			projectRoot = "";
			targets = (
				E10001 /* ProjectTitanium */,
				E10002 /* ProjectTitaniumTests */,
			);
		};
/* End PBXProject section */

/* Begin PBXResourcesBuildPhase section */
		C10003 /* Resources */ = {
			isa = PBXResourcesBuildPhase;
			buildActionMask = 2147483647;
			files = (
				5B56BE6E2F6F357800A0765F /* Screenshot 2026-03-13 at 9.39.49 PM.png in Resources */,
				5B56BE6F2F6F357800A0765F /* UIkit copy.pen in Resources */,
				5B56BE712F6F357800A0765F /* SFPRODISPLAYLIGHTITALIC.OTF in Resources */,
				5B56BE722F6F357800A0765F /* SFPRODISPLAYBLACKITALIC.OTF in Resources */,
				5B56BED72F6FB9A400A0765F /* DMSans-Italic-VariableFont_opsz,wght.ttf in Resources */,
				5B56BED82F6FB9A400A0765F /* DMSans-VariableFont_opsz,wght.ttf in Resources */,
				5B56BE732F6F357800A0765F /* CLAUDE.md in Resources */,
				5B56BE742F6F357800A0765F /* Sharpie-Black.otf in Resources */,
				5B56BE752F6F357800A0765F /* SFPRODISPLAYHEAVYITALIC.OTF in Resources */,
				5B56BE762F6F357800A0765F /* SFPRODISPLAYTHINITALIC.OTF in Resources */,
				5B56BE772F6F357800A0765F /* Screenshot 2026-03-14 at 12.44.23 AM.png in Resources */,
				5B56BE782F6F357800A0765F /* README.md in Resources */,
				5B56BE792F6F357800A0765F /* Sharpie-Regular.otf in Resources */,
				5B56BE7B2F6F357800A0765F /* Assets.xcassets in Resources */,
				5B56BE7C2F6F357800A0765F /* SFPRODISPLAYBOLD.OTF in Resources */,
				5B56BE7D2F6F357800A0765F /* Sharpie-Bold.otf in Resources */,
				5B56BE7E2F6F357800A0765F /* Sharpie-Light.otf in Resources */,
				5B56BE7F2F6F357800A0765F /* isu_singles_sov_goe_dataset.json in Resources */,
				5B56BE802F6F357800A0765F /* SFPRODISPLAYSEMIBOLDITALIC.OTF in Resources */,
				5B56BE812F6F357800A0765F /* SFPRODISPLAYMEDIUM.OTF in Resources */,
				5B56BE822F6F357800A0765F /* SETUP.md in Resources */,
				5B56BE832F6F357800A0765F /* PRD.md in Resources */,
				5B56BE842F6F357800A0765F /* verify_build.sh in Resources */,
				5B56BE852F6F357800A0765F /* SFPRODISPLAYULTRALIGHTITALIC.OTF in Resources */,
				5B56BE862F6F357800A0765F /* SFPRODISPLAYREGULAR.OTF in Resources */,
				5B56BE872F6F357800A0765F /* LICENSE in Resources */,
				5B56BE882F6F357800A0765F /* Screenshot 2026-03-12 at 12.14.29 AM.png in Resources */,
				5B56BE892F6F357800A0765F /* Sharpie-Extrabold.otf in Resources */,
				5B56BE8A2F6F357800A0765F /* PROJECT_PLAN.md in Resources */,
			);
			runOnlyForDeploymentPostprocessing = 0;
		};
/* End PBXResourcesBuildPhase section */

/* Begin PBXSourcesBuildPhase section */
		C10002 /* Sources */ = {
			isa = PBXSourcesBuildPhase;
			buildActionMask = 2147483647;
			files = (
				5B56BE8B2F6F357800A0765F /* DashboardViewModel.swift in Sources */,
				5B56BE8C2F6F357800A0765F /* TrendSplineView.swift in Sources */,
				5B56BE8D2F6F357800A0765F /* RunThrough.swift in Sources */,
				5B56BE8E2F6F357800A0765F /* RotationCall.swift in Sources */,
				5B56BE8F2F6F357800A0765F /* LandingButtonsView.swift in Sources */,
				5B56BE902F6F357800A0765F /* Colors.swift in Sources */,
				5B56BE932F6F357800A0765F /* SportType.swift in Sources */,
				5B56BE942F6F357800A0765F /* ConsistencyHeatmapView.swift in Sources */,
				5B56BE952F6F357800A0765F /* OnboardingView.swift in Sources */,
				5B56BE972F6F357800A0765F /* RunThroughDetailView.swift in Sources */,
				5BA878E92F70D41900D70A3F /* SparkleIllustration.swift in Sources */,
				5B56BE982F6F357800A0765F /* AnalyzerView.swift in Sources */,
				5B56BE9B2F6F357800A0765F /* ScoringTrayView.swift in Sources */,
				5B56BE9C2F6F357800A0765F /* HapticsService.swift in Sources */,
				5B56BE9D2F6F357800A0765F /* Athlete.swift in Sources */,
				5B56BE9E2F6F357800A0765F /* PhotoLibraryService.swift in Sources */,
				5B56BE9F2F6F357800A0765F /* EdgeCall.swift in Sources */,
				5B56BEA02F6F357800A0765F /* VideoPlayerView.swift in Sources */,
				5B56BEA12F6F357800A0765F /* RunThroughListView.swift in Sources */,
				5B56BEA22F6F357800A0765F /* MainTabView.swift in Sources */,
				5B56BEA42F6F357800A0765F /* BrandFont.swift in Sources */,
				5B56BEA62F6F357800A0765F /* ScoringEngine.swift in Sources */,
				5B56BEA72F6F357800A0765F /* ElementScore.swift in Sources */,
				5B56BEA82F6F357800A0765F /* LandingType.swift in Sources */,
				5B56BEA92F6F357800A0765F /* SettingsView.swift in Sources */,
				5B56BEAA2F6F357800A0765F /* ElementTimelineView.swift in Sources */,
				5B56BEAB2F6F357800A0765F /* ElementPickerSheet.swift in Sources */,
				5B56BEAC2F6F357800A0765F /* DashboardView.swift in Sources */,
				5B56BEAD2F6F357800A0765F /* SeedDataService.swift in Sources */,
				5B56BEAE2F6F357800A0765F /* ElementScoringSheet.swift in Sources */,
				5B56BEAF2F6F357800A0765F /* PPCEditorView.swift in Sources */,
				5B56BEB02F6F357800A0765F /* FigureSkatingElement.swift in Sources */,
				5B56BEB12F6F357800A0765F /* PlannedProgramContent.swift in Sources */,
				5B56BEB22F6F357800A0765F /* AthleteListView.swift in Sources */,
				5B56BECA2F6FB93100A0765F /* Radius.swift in Sources */,
				5B56BECB2F6FB93100A0765F /* ThemeManager.swift in Sources */,
				5B56BECC2F6FB93100A0765F /* Shadows.swift in Sources */,
				5B56BECD2F6FB93100A0765F /* Spacing.swift in Sources */,
				5B56BECE2F6FB93100A0765F /* Typography.swift in Sources */,
				5B56BECF2F6FB93100A0765F /* Color+Tokens.swift in Sources */,
				5B56BEB32F6F357800A0765F /* VaultAndEdgeApp.swift in Sources */,
				5B56BEB42F6F357800A0765F /* AnalyzerViewModel.swift in Sources */,
			);
			runOnlyForDeploymentPostprocessing = 0;
		};
		T80001 /* Sources */ = {
			isa = PBXSourcesBuildPhase;
			buildActionMask = 2147483647;
			files = (
				5B56BEBD2F6F36A900A0765F /* ModelTests.swift in Sources */,
				5B56BEBE2F6F36A900A0765F /* SportTypeTests.swift in Sources */,
				5B56BEBF2F6F36A900A0765F /* LandingTypeTests.swift in Sources */,
				5B56BEC02F6F36A900A0765F /* DashboardViewModelTests.swift in Sources */,
				5B56BEC12F6F36A900A0765F /* IntegrationTests.swift in Sources */,
				5B56BEC22F6F36A900A0765F /* AnalyzerViewModelTests.swift in Sources */,
				5B56BEC32F6F36A900A0765F /* ScoringEngineTests.swift in Sources */,
			);
			runOnlyForDeploymentPostprocessing = 0;
		};
/* End PBXSourcesBuildPhase section */

/* Begin PBXTargetDependency section */
		T60001 /* PBXTargetDependency */ = {
			isa = PBXTargetDependency;
			target = E10001 /* ProjectTitanium */;
			targetProxy = T50001 /* PBXContainerItemProxy */;
		};
/* End PBXTargetDependency section */

/* Begin XCBuildConfiguration section */
		F10D01 /* Debug */ = {
			isa = XCBuildConfiguration;
			buildSettings = {
				ALWAYS_SEARCH_USER_PATHS = NO;
				ASSETCATALOG_COMPILER_GENERATE_SWIFT_ASSET_SYMBOL_EXTENSIONS = YES;
				CLANG_ANALYZER_NONNULL = YES;
				CLANG_CXX_LANGUAGE_STANDARD = "gnu++20";
				CLANG_ENABLE_MODULES = YES;
				CLANG_ENABLE_OBJC_ARC = YES;
				COPY_PHASE_STRIP = NO;
				DEBUG_INFORMATION_FORMAT = dwarf;
				ENABLE_STRICT_OBJC_MSGSEND = YES;
				ENABLE_TESTABILITY = YES;
				GCC_DYNAMIC_NO_PIC = NO;
				GCC_OPTIMIZATION_LEVEL = 0;
				GCC_PREPROCESSOR_DEFINITIONS = (
					"DEBUG=1",
					"$(inherited)",
				);
				GCC_WARN_ABOUT_RETURN_TYPE = YES_ERROR;
				GCC_WARN_UNINITIALIZED_AUTOS = YES_AGGRESSIVE;
				IPHONEOS_DEPLOYMENT_TARGET = 17.0;
				MTL_ENABLE_DEBUG_INFO = INCLUDE_SOURCE;
				ONLY_ACTIVE_ARCH = YES;
				SDKROOT = iphoneos;
				SWIFT_ACTIVE_COMPILATION_CONDITIONS = "$(inherited) DEBUG";
				SWIFT_OPTIMIZATION_LEVEL = "-Onone";
			};
			name = Debug;
		};
		F10D02 /* Debug */ = {
			isa = XCBuildConfiguration;
			buildSettings = {
				ASSETCATALOG_COMPILER_APPICON_NAME = AppIcon;
				ASSETCATALOG_COMPILER_GLOBAL_ACCENT_COLOR_NAME = AccentColor;
				CODE_SIGN_STYLE = Automatic;
				CURRENT_PROJECT_VERSION = 1;
				DEVELOPMENT_TEAM = G9Q2US64BK;
				GENERATE_INFOPLIST_FILE = YES;
				INFOPLIST_FILE = ProjectTitanium/Info.plist;
				INFOPLIST_KEY_UIApplicationSceneManifest_Generation = YES;
				INFOPLIST_KEY_UIApplicationSupportsIndirectInputEvents = YES;
				INFOPLIST_KEY_UILaunchScreen_Generation = YES;
				INFOPLIST_KEY_UISupportedInterfaceOrientations_iPad = "UIInterfaceOrientationPortrait UIInterfaceOrientationPortraitUpsideDown UIInterfaceOrientationLandscapeLeft UIInterfaceOrientationLandscapeRight";
				INFOPLIST_KEY_UISupportedInterfaceOrientations_iPhone = "UIInterfaceOrientationPortrait UIInterfaceOrientationLandscapeLeft UIInterfaceOrientationLandscapeRight";
				LD_RUNPATH_SEARCH_PATHS = (
					"$(inherited)",
					"@executable_path/Frameworks",
				);
				MARKETING_VERSION = 1.0;
				PRODUCT_BUNDLE_IDENTIFIER = com.vaultandedge.app;
				PRODUCT_NAME = "$(TARGET_NAME)";
				SWIFT_EMIT_LOC_STRINGS = YES;
				SWIFT_VERSION = 5.0;
				TARGETED_DEVICE_FAMILY = "1,2";
			};
			name = Debug;
		};
		F10D03 /* Debug */ = {
			isa = XCBuildConfiguration;
			buildSettings = {
				BUNDLE_LOADER = "$(TEST_HOST)";
				CODE_SIGN_STYLE = Automatic;
				CURRENT_PROJECT_VERSION = 1;
				GENERATE_INFOPLIST_FILE = YES;
				IPHONEOS_DEPLOYMENT_TARGET = 17.0;
				MARKETING_VERSION = 1.0;
				PRODUCT_BUNDLE_IDENTIFIER = com.vaultandedge.tests;
				PRODUCT_NAME = "$(TARGET_NAME)";
				SWIFT_EMIT_LOC_STRINGS = NO;
				SWIFT_VERSION = 5.0;
				TARGETED_DEVICE_FAMILY = "1,2";
				TEST_HOST = "$(BUILT_PRODUCTS_DIR)/ProjectTitanium.app/$(BUNDLE_EXECUTABLE_FOLDER_PATH)/ProjectTitanium";
			};
			name = Debug;
		};
		F10R01 /* Release */ = {
			isa = XCBuildConfiguration;
			buildSettings = {
				ALWAYS_SEARCH_USER_PATHS = NO;
				ASSETCATALOG_COMPILER_GENERATE_SWIFT_ASSET_SYMBOL_EXTENSIONS = YES;
				CLANG_ANALYZER_NONNULL = YES;
				CLANG_CXX_LANGUAGE_STANDARD = "gnu++20";
				CLANG_ENABLE_MODULES = YES;
				CLANG_ENABLE_OBJC_ARC = YES;
				COPY_PHASE_STRIP = NO;
				DEBUG_INFORMATION_FORMAT = "dwarf-with-dsym";
				ENABLE_NS_ASSERTIONS = NO;
				ENABLE_STRICT_OBJC_MSGSEND = YES;
				GCC_WARN_ABOUT_RETURN_TYPE = YES_ERROR;
				GCC_WARN_UNINITIALIZED_AUTOS = YES_AGGRESSIVE;
				IPHONEOS_DEPLOYMENT_TARGET = 17.0;
				SDKROOT = iphoneos;
				SWIFT_COMPILATION_MODE = wholemodule;
				VALIDATE_PRODUCT = YES;
			};
			name = Release;
		};
		F10R02 /* Release */ = {
			isa = XCBuildConfiguration;
			buildSettings = {
				ASSETCATALOG_COMPILER_APPICON_NAME = AppIcon;
				ASSETCATALOG_COMPILER_GLOBAL_ACCENT_COLOR_NAME = AccentColor;
				CODE_SIGN_STYLE = Automatic;
				CURRENT_PROJECT_VERSION = 1;
				DEVELOPMENT_TEAM = G9Q2US64BK;
				GENERATE_INFOPLIST_FILE = YES;
				INFOPLIST_FILE = ProjectTitanium/Info.plist;
				INFOPLIST_KEY_UIApplicationSceneManifest_Generation = YES;
				INFOPLIST_KEY_UIApplicationSupportsIndirectInputEvents = YES;
				INFOPLIST_KEY_UILaunchScreen_Generation = YES;
				INFOPLIST_KEY_UISupportedInterfaceOrientations_iPad = "UIInterfaceOrientationPortrait UIInterfaceOrientationPortraitUpsideDown UIInterfaceOrientationLandscapeLeft UIInterfaceOrientationLandscapeRight";
				INFOPLIST_KEY_UISupportedInterfaceOrientations_iPhone = "UIInterfaceOrientationPortrait UIInterfaceOrientationLandscapeLeft UIInterfaceOrientationLandscapeRight";
				LD_RUNPATH_SEARCH_PATHS = (
					"$(inherited)",
					"@executable_path/Frameworks",
				);
				MARKETING_VERSION = 1.0;
				PRODUCT_BUNDLE_IDENTIFIER = com.vaultandedge.app;
				PRODUCT_NAME = "$(TARGET_NAME)";
				SWIFT_EMIT_LOC_STRINGS = YES;
				SWIFT_VERSION = 5.0;
				TARGETED_DEVICE_FAMILY = "1,2";
			};
			name = Release;
		};
		F10R03 /* Release */ = {
			isa = XCBuildConfiguration;
			buildSettings = {
				BUNDLE_LOADER = "$(TEST_HOST)";
				CODE_SIGN_STYLE = Automatic;
				CURRENT_PROJECT_VERSION = 1;
				GENERATE_INFOPLIST_FILE = YES;
				IPHONEOS_DEPLOYMENT_TARGET = 17.0;
				MARKETING_VERSION = 1.0;
				PRODUCT_BUNDLE_IDENTIFIER = com.vaultandedge.tests;
				PRODUCT_NAME = "$(TARGET_NAME)";
				SWIFT_EMIT_LOC_STRINGS = NO;
				SWIFT_VERSION = 5.0;
				TARGETED_DEVICE_FAMILY = "1,2";
				TEST_HOST = "$(BUILT_PRODUCTS_DIR)/ProjectTitanium.app/$(BUNDLE_EXECUTABLE_FOLDER_PATH)/ProjectTitanium";
			};
			name = Release;
		};
/* End XCBuildConfiguration section */

/* Begin XCConfigurationList section */
		F10001 /* Build configuration list for PBXProject "ProjectTitanium" */ = {
			isa = XCConfigurationList;
			buildConfigurations = (
				F10D01 /* Debug */,
				F10R01 /* Release */,
			);
			defaultConfigurationIsVisible = 0;
			defaultConfigurationName = Release;
		};
		F10003 /* Build configuration list for PBXNativeTarget "ProjectTitanium" */ = {
			isa = XCConfigurationList;
			buildConfigurations = (
				F10D02 /* Debug */,
				F10R02 /* Release */,
			);
			defaultConfigurationIsVisible = 0;
			defaultConfigurationName = Release;
		};
		F10005 /* Build configuration list for PBXNativeTarget "ProjectTitaniumTests" */ = {
			isa = XCConfigurationList;
			buildConfigurations = (
				F10D03 /* Debug */,
				F10R03 /* Release */,
			);
			defaultConfigurationIsVisible = 0;
			defaultConfigurationName = Release;
		};
/* End XCConfigurationList section */
	};
	rootObject = E10099 /* Project object */;
}
